<?xml version="1.0" encoding="utf-8"?>
<Project ToolsVersion="4.0" xmlns="http://schemas.microsoft.com/developer/msbuild/2003">
  <ItemGroup>
    <ClCompile Include="..\src\higui\higui_windows.cpp">
      <Filter>HiGUI</Filter>
    </ClCompile>
    <ClCompile Include="..\src\main.cpp" />
    <ClCompile Include="..\src\higui\higui_event.cpp">
      <Filter>HiGUI</Filter>
    </ClCompile>
    <ClCompile Include="..\src\vulkan\pipeline.cpp">
      <Filter>Vulkan</Filter>
    </ClCompile>
    <ClCompile Include="..\src\vulkan\device.cpp">
      <Filter>Vulkan</Filter>
    </ClCompile>
    <ClCompile Include="..\src\vulkan\swap_chain.cpp">
      <Filter>Vulkan</Filter>
    </ClCompile>
    <ClCompile Include="..\src\engine.cpp" />
    <ClCompile Include="..\src\vulkan\model.cpp">
      <Filter>Vulkan</Filter>
    </ClCompile>
  </ItemGroup>
  <ItemGroup>
    <Filter Include="HiGUI">
      <UniqueIdentifier>{3f62d37a-95f6-40b8-abe9-5df6f4703fe7}</UniqueIdentifier>
    </Filter>
    <Filter Include="Resources">
      <UniqueIdentifier>{936c35a5-1ef3-4f01-86e8-349ed9b775a7}</UniqueIdentifier>
    </Filter>
    <Filter Include="Resources\Shaders">
      <UniqueIdentifier>{c563fb60-ab21-421d-a482-2938968da31f}</UniqueIdentifier>
    </Filter>
    <Filter Include="Vulkan">
      <UniqueIdentifier>{beaf296a-9404-4b0a-8e6b-a766f9bb0b2e}</UniqueIdentifier>
    </Filter>
    <Filter Include="External">
      <UniqueIdentifier>{61f7661c-8fa2-405b-a779-fc9f89c92ef3}</UniqueIdentifier>
    </Filter>
  </ItemGroup>
  <ItemGroup>
    <ClInclude Include="..\src\higui\higui.hpp">
      <Filter>HiGUI</Filter>
    </ClInclude>
    <ClInclude Include="..\src\higui\higui_platform.hpp">
      <Filter>HiGUI</Filter>
    </ClInclude>
    <ClInclude Include="..\src\higui\higui_types.hpp">
      <Filter>HiGUI</Filter>
    </ClInclude>
    <ClInclude Include="..\src\higui\higui_event.hpp">
      <Filter>HiGUI</Filter>
    </ClInclude>
    <ClInclude Include="..\src\vulkan\pipeline.hpp">
      <Filter>Vulkan</Filter>
    </ClInclude>
    <ClInclude Include="..\src\vulkan\device.hpp">
      <Filter>Vulkan</Filter>
    </ClInclude>
    <ClInclude Include="resource.h" />
    <ClInclude Include="..\src\higui\higui_debug.hpp">
      <Filter>HiGUI</Filter>
    </ClInclude>
    <ClInclude Include="..\src\vulkan\swap_chain.hpp">
      <Filter>Vulkan</Filter>
    </ClInclude>
    <ClInclude Include="..\src\engine.hpp" />
    <ClInclude Include="..\src\vulkan\model.hpp">
      <Filter>Vulkan</Filter>
    </ClInclude>
    <ClInclude Include="..\src\external\linmath.h">
      <Filter>External</Filter>
    </ClInclude>
  </ItemGroup>
  <ItemGroup>
    <None Include="..\resources\shaders\default.frag">
      <Filter>Resources\Shaders</Filter>
    </None>
    <None Include="..\resources\shaders\default.vert">
      <Filter>Resources\Shaders</Filter>
    </None>
  </ItemGroup>
  <ItemGroup>
    <ResourceCompile Include="echolyps.rc" />
  </ItemGroup>
</Project>